
Microsoft Visual Studio Solution File, Format Version 12.00
# Visual Studio Version 16
VisualStudioVersion = 16.0.29709.97
MinimumVisualStudioVersion = 10.0.40219.1
Project("{9A19103F-16F7-4668-BE54-9A1E7A4F7556}") = "MatrimonyApp", "MatrimonyApp\MatrimonyApp.csproj", "{E874A5CF-8E12-4999-B399-A625EE925387}"
EndProject
Project("{2150E333-8FDC-42A3-9474-1A3956D46DE8}") = "Solution Items", "Solution Items", "{B2734493-3A0B-4935-9528-8665F6065432}"
	ProjectSection(SolutionItems) = preProject
		.editorconfig = .editorconfig
	EndProjectSection
EndProject
Global
	GlobalSection(SolutionConfigurationPlatforms) = preSolution
		Debug|Any CPU = Debug|Any CPU
		Release|Any CPU = Release|Any CPU
	EndGlobalSection
	GlobalSection(ProjectConfigurationPlatforms) = postSolution
		{E874A5CF-8E12-4999-B399-A625EE925387}.Debug|Any CPU.ActiveCfg = Debug|Any CPU
		{E874A5CF-8E12-4999-B399-A625EE925387}.Debug|Any CPU.Build.0 = Debug|Any CPU
		{E874A5CF-8E12-4999-B399-A625EE925387}.Release|Any CPU.ActiveCfg = Release|Any CPU
		{E874A5CF-8E12-4999-B399-A625EE925387}.Release|Any CPU.Build.0 = Release|Any CPU
	EndGlobalSection
	GlobalSection(SolutionProperties) = preSolution
		HideSolutionNode = FALSE
	EndGlobalSection
	GlobalSection(ExtensibilityGlobals) = postSolution
		SolutionGuid = {2B0D9EC7-A8C1-4F82-81BA-6B4F3927749A}
	EndGlobalSection
EndGlobal
